<?xml version="1.0" encoding="utf-8"?>
<Project ToolsVersion="4.0" xmlns="http://schemas.microsoft.com/developer/msbuild/2003">
  <ItemGroup>
    <Filter Include="Engine">
      <UniqueIdentifier>{a8d0131e-eb50-44ac-848b-7a821ba71b21}</UniqueIdentifier>
    </Filter>
    <Filter Include="Game">
      <UniqueIdentifier>{656b759f-efb2-4f59-b546-0dd585a90074}</UniqueIdentifier>
    </Filter>
    <Filter Include="Game\Utils">
      <UniqueIdentifier>{d4c2d363-e187-473a-ac7c-0f69dc99af51}</UniqueIdentifier>
    </Filter>
    <Filter Include="Game\Entities">
      <UniqueIdentifier>{1f3cce22-695e-4117-8db6-4d8aa46ccf23}</UniqueIdentifier>
    </Filter>
    <Filter Include="Game\Scenes">
      <UniqueIdentifier>{3c162524-a489-4003-8f7b-2e78aaa8410a}</UniqueIdentifier>
    </Filter>
  </ItemGroup>
  <ItemGroup>
    <ClCompile Include="Entity.cpp">
      <Filter>Engine</Filter>
    </ClCompile>
    <ClCompile Include="GameManager.cpp">
      <Filter>Engine</Filter>
    </ClCompile>
    <ClCompile Include="Utils.cpp">
      <Filter>Engine</Filter>
    </ClCompile>
    <ClCompile Include="Debug.cpp">
      <Filter>Engine</Filter>
    </ClCompile>
    <ClCompile Include="Scene.cpp">
      <Filter>Engine</Filter>
    </ClCompile>
    <ClCompile Include="BulletEntity.cpp">
      <Filter>Game\Entities</Filter>
    </ClCompile>
    <ClCompile Include="TowerEntity.cpp">
      <Filter>Game\Entities</Filter>
    </ClCompile>
    <ClCompile Include="MainScene.cpp">
      <Filter>Game\Scenes</Filter>
    </ClCompile>
    <ClCompile Include="EnemyEntity.cpp">
      <Filter>Game\Entities</Filter>
    </ClCompile>
    <ClCompile Include="main.cpp">
      <Filter>Game</Filter>
    </ClCompile>
    <ClCompile Include="Timer.cpp">
      <Filter>Game\Utils</Filter>
    </ClCompile>
  </ItemGroup>
  <ItemGroup>
    <ClInclude Include="Entity.h">
      <Filter>Engine</Filter>
    </ClInclude>
    <ClInclude Include="GameManager.h">
      <Filter>Engine</Filter>
    </ClInclude>
    <ClInclude Include="Utils.h">
      <Filter>Engine</Filter>
    </ClInclude>
    <ClInclude Include="Debug.h">
      <Filter>Engine</Filter>
    </ClInclude>
    <ClInclude Include="Scene.h">
      <Filter>Engine</Filter>
    </ClInclude>
    <ClInclude Include="LEngine.h">
      <Filter>Engine</Filter>
    </ClInclude>
    <ClInclude Include="BulletEntity.h">
      <Filter>Game\Entities</Filter>
    </ClInclude>
    <ClInclude Include="TowerEntity.h">
      <Filter>Game\Entities</Filter>
    </ClInclude>
    <ClInclude Include="MainScene.h">
      <Filter>Game\Scenes</Filter>
    </ClInclude>
    <ClInclude Include="EnemyEntity.h">
      <Filter>Game\Entities</Filter>
    </ClInclude>
    <ClInclude Include="Timer.h">
      <Filter>Game\Utils</Filter>
    </ClInclude>
  </ItemGroup>
  <ItemGroup>
    <None Include="Scene.inl">
      <Filter>Engine</Filter>
    </None>
    <None Include="GameManager.inl">
      <Filter>Engine</Filter>
    </None>
    <None Include="Entity.inl">
      <Filter>Engine</Filter>
    </None>
    <None Include="packages.config">
      <Filter>Engine</Filter>
    </None>
    <None Include="Action.inl">
      <Filter>Game\Utils</Filter>
    </None>
  </ItemGroup>
  <ItemGroup>
    <Midl Include="LightEngine.idl">
      <Filter>Engine</Filter>
    </Midl>
  </ItemGroup>
</Project>